// !$*UTF8*$!
{
	archiveVersion = 1;
	classes = {
	};
	objectVersion = 46;
	objects = {

/* Begin PBXBuildFile section */
		524FC88E1BCD032800AA2817 /* main.c in Sources */ = {isa = PBXBuildFile; fileRef = 524FC88D1BCD032800AA2817 /* main.c */; };
		529BCE531BAA1CFB001DB09D /* main.c in Sources */ = {isa = PBXBuildFile; fileRef = 529BCE521BAA1CFB001DB09D /* main.c */; };
/* End PBXBuildFile section */

/* Begin PBXCopyFilesBuildPhase section */
		524FC8891BCD032800AA2817 /* CopyFiles */ = {
			isa = PBXCopyFilesBuildPhase;
			buildActionMask = 2147483647;
			dstPath = /usr/share/man/man1/;
			dstSubfolderSpec = 0;
			files = (
			);
			runOnlyForDeploymentPostprocessing = 1;
		};
		529BCE4D1BAA1CFB001DB09D /* CopyFiles */ = {
			isa = PBXCopyFilesBuildPhase;
			buildActionMask = 2147483647;
			dstPath = /usr/share/man/man1/;
			dstSubfolderSpec = 0;
			files = (
			);
			runOnlyForDeploymentPostprocessing = 1;
		};
/* End PBXCopyFilesBuildPhase section */

/* Begin PBXFileReference section */
		524FC88B1BCD032800AA2817 /* OppositeAtoms */ = {isa = PBXFileReference; explicitFileType = "compiled.mach-o.executable"; includeInIndex = 0; path = OppositeAtoms; sourceTree = BUILT_PRODUCTS_DIR; };
		524FC88D1BCD032800AA2817 /* main.c */ = {isa = PBXFileReference; lastKnownFileType = sourcecode.c.c; path = main.c; sourceTree = "<group>"; };
		529BCE4F1BAA1CFB001DB09D /* MolecDynam */ = {isa = PBXFileReference; explicitFileType = "compiled.mach-o.executable"; includeInIndex = 0; path = MolecDynam; sourceTree = BUILT_PRODUCTS_DIR; };
		529BCE521BAA1CFB001DB09D /* main.c */ = {isa = PBXFileReference; lastKnownFileType = sourcecode.c.c; path = main.c; sourceTree = "<group>"; };
/* End PBXFileReference section */

/* Begin PBXFrameworksBuildPhase section */
		524FC8881BCD032800AA2817 /* Frameworks */ = {
			isa = PBXFrameworksBuildPhase;
			buildActionMask = 2147483647;
			files = (
			);
			runOnlyForDeploymentPostprocessing = 0;
		};
		529BCE4C1BAA1CFB001DB09D /* Frameworks */ = {
			isa = PBXFrameworksBuildPhase;
			buildActionMask = 2147483647;
			files = (
			);
			runOnlyForDeploymentPostprocessing = 0;
		};
/* End PBXFrameworksBuildPhase section */

/* Begin PBXGroup section */
		524FC88C1BCD032800AA2817 /* OppositeAtoms */ = {
			isa = PBXGroup;
			children = (
				524FC88D1BCD032800AA2817 /* main.c */,
			);
			path = OppositeAtoms;
			sourceTree = "<group>";
		};
		529BCE461BAA1CFB001DB09D = {
			isa = PBXGroup;
			children = (
				529BCE511BAA1CFB001DB09D /* MolecDynam */,
				524FC88C1BCD032800AA2817 /* OppositeAtoms */,
				529BCE501BAA1CFB001DB09D /* Products */,
			);
			sourceTree = "<group>";
		};
		529BCE501BAA1CFB001DB09D /* Products */ = {
			isa = PBXGroup;
			children = (
				529BCE4F1BAA1CFB001DB09D /* MolecDynam */,
				524FC88B1BCD032800AA2817 /* OppositeAtoms */,
			);
			name = Products;
			sourceTree = "<group>";
		};
		529BCE511BAA1CFB001DB09D /* MolecDynam */ = {
			isa = PBXGroup;
			children = (
				529BCE521BAA1CFB001DB09D /* main.c */,
			);
			path = MolecDynam;
			sourceTree = "<group>";
		};
/* End PBXGroup section */

/* Begin PBXNativeTarget section */
		524FC88A1BCD032800AA2817 /* OppositeAtoms */ = {
			isa = PBXNativeTarget;
			buildConfigurationList = 524FC8911BCD032800AA2817 /* Build configuration list for PBXNativeTarget "OppositeAtoms" */;
			buildPhases = (
				524FC8871BCD032800AA2817 /* Sources */,
				524FC8881BCD032800AA2817 /* Frameworks */,
				524FC8891BCD032800AA2817 /* CopyFiles */,
			);
			buildRules = (
			);
			dependencies = (
			);
			name = OppositeAtoms;
			productName = OppositeAtoms;
			productReference = 524FC88B1BCD032800AA2817 /* OppositeAtoms */;
			productType = "com.apple.product-type.tool";
		};
		529BCE4E1BAA1CFB001DB09D /* MolecDynam */ = {
			isa = PBXNativeTarget;
			buildConfigurationList = 529BCE561BAA1CFB001DB09D /* Build configuration list for PBXNativeTarget "MolecDynam" */;
			buildPhases = (
				529BCE4B1BAA1CFB001DB09D /* Sources */,
				529BCE4C1BAA1CFB001DB09D /* Frameworks */,
				529BCE4D1BAA1CFB001DB09D /* CopyFiles */,
			);
			buildRules = (
			);
			dependencies = (
			);
			name = MolecDynam;
			productName = MolecDynam;
			productReference = 529BCE4F1BAA1CFB001DB09D /* MolecDynam */;
			productType = "com.apple.product-type.tool";
		};
/* End PBXNativeTarget section */

/* Begin PBXProject section */
		529BCE471BAA1CFB001DB09D /* Project object */ = {
			isa = PBXProject;
			attributes = {
				LastUpgradeCheck = 0640;
				ORGANIZATIONNAME = "Anton Karazeev";
				TargetAttributes = {
					524FC88A1BCD032800AA2817 = {
						CreatedOnToolsVersion = 7.0.1;
					};
					529BCE4E1BAA1CFB001DB09D = {
						CreatedOnToolsVersion = 6.4;
					};
				};
			};
			buildConfigurationList = 529BCE4A1BAA1CFB001DB09D /* Build configuration list for PBXProject "MolecDynam" */;
			compatibilityVersion = "Xcode 3.2";
			developmentRegion = English;
			hasScannedForEncodings = 0;
			knownRegions = (
				en,
			);
			mainGroup = 529BCE461BAA1CFB001DB09D;
			productRefGroup = 529BCE501BAA1CFB001DB09D /* Products */;
			projectDirPath = "";
			projectRoot = "";
			targets = (
				529BCE4E1BAA1CFB001DB09D /* MolecDynam */,
				524FC88A1BCD032800AA2817 /* OppositeAtoms */,
			);
		};
/* End PBXProject section */

/* Begin PBXSourcesBuildPhase section */
		524FC8871BCD032800AA2817 /* Sources */ = {
			isa = PBXSourcesBuildPhase;
			buildActionMask = 2147483647;
			files = (
				524FC88E1BCD032800AA2817 /* main.c in Sources */,
			);
			runOnlyForDeploymentPostprocessing = 0;
		};
		529BCE4B1BAA1CFB001DB09D /* Sources */ = {
			isa = PBXSourcesBuildPhase;
			buildActionMask = 2147483647;
			files = (
				529BCE531BAA1CFB001DB09D /* main.c in Sources */,
			);
			runOnlyForDeploymentPostprocessing = 0;
		};
/* End PBXSourcesBuildPhase section */

/* Begin XCBuildConfiguration section */
		524FC88F1BCD032800AA2817 /* Debug */ = {
			isa = XCBuildConfiguration;
			buildSettings = {
				ENABLE_TESTABILITY = YES;
				MACOSX_DEPLOYMENT_TARGET = 10.11;
				PRODUCT_NAME = "$(TARGET_NAME)";
			};
			name = Debug;
		};
		524FC8901BCD032800AA2817 /* Release */ = {
			isa = XCBuildConfiguration;
			buildSettings = {
				MACOSX_DEPLOYMENT_TARGET = 10.11;
				PRODUCT_NAME = "$(TARGET_NAME)";
			};
			name = Release;
		};
		529BCE541BAA1CFB001DB09D /* Debug */ = {
			isa = XCBuildConfiguration;
			buildSettings = {
				ALWAYS_SEARCH_USER_PATHS = NO;
				CLANG_CXX_LANGUAGE_STANDARD = "gnu++0x";
				CLANG_CXX_LIBRARY = "libc++";
				CLANG_ENABLE_MODULES = YES;
				CLANG_ENABLE_OBJC_ARC = YES;
				CLANG_WARN_BOOL_CONVERSION = YES;
				CLANG_WARN_CONSTANT_CONVERSION = YES;
				CLANG_WARN_DIRECT_OBJC_ISA_USAGE = YES_ERROR;
				CLANG_WARN_EMPTY_BODY = YES;
				CLANG_WARN_ENUM_CONVERSION = YES;
				CLANG_WARN_INT_CONVERSION = YES;
				CLANG_WARN_OBJC_ROOT_CLASS = YES_ERROR;
				CLANG_WARN_UNREACHABLE_CODE = YES;
				CLANG_WARN__DUPLICATE_METHOD_MATCH = YES;
				COPY_PHASE_STRIP = NO;
				DEBUG_INFORMATION_FORMAT = dwarf;
				ENABLE_STRICT_OBJC_MSGSEND = YES;
				GCC_C_LANGUAGE_STANDARD = gnu99;
				GCC_DYNAMIC_NO_PIC = NO;
				GCC_NO_COMMON_BLOCKS = YES;
				GCC_OPTIMIZATION_LEVEL = 0;
				GCC_PREPROCESSOR_DEFINITIONS = (
					"DEBUG=1",
					"$(inherited)",
				);
				GCC_SYMBOLS_PRIVATE_EXTERN = NO;
				GCC_WARN_64_TO_32_BIT_CONVERSION = YES;
				GCC_WARN_ABOUT_RETURN_TYPE = YES_ERROR;
				GCC_WARN_UNDECLARED_SELECTOR = YES;
				GCC_WARN_UNINITIALIZED_AUTOS = YES_AGGRESSIVE;
				GCC_WARN_UNUSED_FUNCTION = YES;
				GCC_WARN_UNUSED_VARIABLE = YES;
				MACOSX_DEPLOYMENT_TARGET = 10.10;
				MTL_ENABLE_DEBUG_INFO = YES;
				ONLY_ACTIVE_ARCH = YES;
				SDKROOT = macosx;
			};
			name = Debug;
		};
		529BCE551BAA1CFB001DB09D /* Release */ = {
			isa = XCBuildConfiguration;
			buildSettings = {
				ALWAYS_SEARCH_USER_PATHS = NO;
				CLANG_CXX_LANGUAGE_STANDARD = "gnu++0x";
				CLANG_CXX_LIBRARY = "libc++";
				CLANG_ENABLE_MODULES = YES;
				CLANG_ENABLE_OBJC_ARC = YES;
				CLANG_WARN_BOOL_CONVERSION = YES;
				CLANG_WARN_CONSTANT_CONVERSION = YES;
				CLANG_WARN_DIRECT_OBJC_ISA_USAGE = YES_ERROR;
				CLANG_WARN_EMPTY_BODY = YES;
				CLANG_WARN_ENUM_CONVERSION = YES;
				CLANG_WARN_INT_CONVERSION = YES;
				CLANG_WARN_OBJC_ROOT_CLASS = YES_ERROR;
				CLANG_WARN_UNREACHABLE_CODE = YES;
				CLANG_WARN__DUPLICATE_METHOD_MATCH = YES;
				COPY_PHASE_STRIP = NO;
				DEBUG_INFORMATION_FORMAT = "dwarf-with-dsym";
				ENABLE_NS_ASSERTIONS = NO;
				ENABLE_STRICT_OBJC_MSGSEND = YES;
				GCC_C_LANGUAGE_STANDARD = gnu99;
				GCC_NO_COMMON_BLOCKS = YES;
				GCC_WARN_64_TO_32_BIT_CONVERSION = YES;
				GCC_WARN_ABOUT_RETURN_TYPE = YES_ERROR;
				GCC_WARN_UNDECLARED_SELECTOR = YES;
				GCC_WARN_UNINITIALIZED_AUTOS = YES_AGGRESSIVE;
				GCC_WARN_UNUSED_FUNCTION = YES;
				GCC_WARN_UNUSED_VARIABLE = YES;
				MACOSX_DEPLOYMENT_TARGET = 10.10;
				MTL_ENABLE_DEBUG_INFO = NO;
				SDKROOT = macosx;
			};
			name = Release;
		};
		529BCE571BAA1CFB001DB09D /* Debug */ = {
			isa = XCBuildConfiguration;
			buildSettings = {
				PRODUCT_NAME = "$(TARGET_NAME)";
			};
			name = Debug;
		};
		529BCE581BAA1CFB001DB09D /* Release */ = {
			isa = XCBuildConfiguration;
			buildSettings = {
				PRODUCT_NAME = "$(TARGET_NAME)";
			};
			name = Release;
		};
/* End XCBuildConfiguration section */

/* Begin XCConfigurationList section */
		524FC8911BCD032800AA2817 /* Build configuration list for PBXNativeTarget "OppositeAtoms" */ = {
			isa = XCConfigurationList;
			buildConfigurations = (
				524FC88F1BCD032800AA2817 /* Debug */,
				524FC8901BCD032800AA2817 /* Release */,
			);
			defaultConfigurationIsVisible = 0;
		};
		529BCE4A1BAA1CFB001DB09D /* Build configuration list for PBXProject "MolecDynam" */ = {
			isa = XCConfigurationList;
			buildConfigurations = (
				529BCE541BAA1CFB001DB09D /* Debug */,
				529BCE551BAA1CFB001DB09D /* Release */,
			);
			defaultConfigurationIsVisible = 0;
			defaultConfigurationName = Release;
		};
		529BCE561BAA1CFB001DB09D /* Build configuration list for PBXNativeTarget "MolecDynam" */ = {
			isa = XCConfigurationList;
			buildConfigurations = (
				529BCE571BAA1CFB001DB09D /* Debug */,
				529BCE581BAA1CFB001DB09D /* Release */,
			);
			defaultConfigurationIsVisible = 0;
			defaultConfigurationName = Release;
		};
/* End XCConfigurationList section */
	};
	rootObject = 529BCE471BAA1CFB001DB09D /* Project object */;
}
